// !$*UTF8*$!
{
	archiveVersion = 1;
	classes = {
	};
	objectVersion = 56;
	objects = {

/* Begin PBXBuildFile section */
		51FD4A0D2B35934500B0999A /* CustomTabBarApp.swift in Sources */ = {isa = PBXBuildFile; fileRef = 51FD4A0C2B35934500B0999A /* CustomTabBarApp.swift */; };
		51FD4A0F2B35934500B0999A /* CustomTabView.swift in Sources */ = {isa = PBXBuildFile; fileRef = 51FD4A0E2B35934500B0999A /* CustomTabView.swift */; };
		51FD4A112B35934500B0999A /* Assets.xcassets in Resources */ = {isa = PBXBuildFile; fileRef = 51FD4A102B35934500B0999A /* Assets.xcassets */; };
		51FD4A142B35934500B0999A /* Preview Assets.xcassets in Resources */ = {isa = PBXBuildFile; fileRef = 51FD4A132B35934500B0999A /* Preview Assets.xcassets */; };
		51FD4A1B2B3593D100B0999A /* CircleView.swift in Sources */ = {isa = PBXBuildFile; fileRef = 51FD4A1A2B3593D000B0999A /* CircleView.swift */; };
		51FD4A232B35941500B0999A /* CoPilotView.swift in Sources */ = {isa = PBXBuildFile; fileRef = 51FD4A1C2B35941500B0999A /* CoPilotView.swift */; };
		51FD4A242B35941500B0999A /* BackgroundImageView.swift in Sources */ = {isa = PBXBuildFile; fileRef = 51FD4A1D2B35941500B0999A /* BackgroundImageView.swift */; };
		51FD4A252B35941500B0999A /* Extensions.swift in Sources */ = {isa = PBXBuildFile; fileRef = 51FD4A1E2B35941500B0999A /* Extensions.swift */; };
		51FD4A262B35941500B0999A /* RewardsView.swift in Sources */ = {isa = PBXBuildFile; fileRef = 51FD4A1F2B35941500B0999A /* RewardsView.swift */; };
		51FD4A272B35941500B0999A /* CenterView.swift in Sources */ = {isa = PBXBuildFile; fileRef = 51FD4A202B35941500B0999A /* CenterView.swift */; };
		51FD4A282B35941500B0999A /* JourneysView.swift in Sources */ = {isa = PBXBuildFile; fileRef = 51FD4A212B35941500B0999A /* JourneysView.swift */; };
		51FD4A292B35941500B0999A /* TodayView.swift in Sources */ = {isa = PBXBuildFile; fileRef = 51FD4A222B35941500B0999A /* TodayView.swift */; };
		51FD4A2B2B359EAE00B0999A /* CustomSegmentedCircle.swift in Sources */ = {isa = PBXBuildFile; fileRef = 51FD4A2A2B359EAE00B0999A /* CustomSegmentedCircle.swift */; };
/* End PBXBuildFile section */

/* Begin PBXFileReference section */
		51FD4A092B35934500B0999A /* CustomTabBar.app */ = {isa = PBXFileReference; explicitFileType = wrapper.application; includeInIndex = 0; path = CustomTabBar.app; sourceTree = BUILT_PRODUCTS_DIR; };
		51FD4A0C2B35934500B0999A /* CustomTabBarApp.swift */ = {isa = PBXFileReference; lastKnownFileType = sourcecode.swift; path = CustomTabBarApp.swift; sourceTree = "<group>"; };
		51FD4A0E2B35934500B0999A /* CustomTabView.swift */ = {isa = PBXFileReference; lastKnownFileType = sourcecode.swift; path = CustomTabView.swift; sourceTree = "<group>"; };
		51FD4A102B35934500B0999A /* Assets.xcassets */ = {isa = PBXFileReference; lastKnownFileType = folder.assetcatalog; path = Assets.xcassets; sourceTree = "<group>"; };
		51FD4A132B35934500B0999A /* Preview Assets.xcassets */ = {isa = PBXFileReference; lastKnownFileType = folder.assetcatalog; path = "Preview Assets.xcassets"; sourceTree = "<group>"; };
		51FD4A1A2B3593D000B0999A /* CircleView.swift */ = {isa = PBXFileReference; fileEncoding = 4; lastKnownFileType = sourcecode.swift; path = CircleView.swift; sourceTree = "<group>"; };
		51FD4A1C2B35941500B0999A /* CoPilotView.swift */ = {isa = PBXFileReference; fileEncoding = 4; lastKnownFileType = sourcecode.swift; path = CoPilotView.swift; sourceTree = "<group>"; };
		51FD4A1D2B35941500B0999A /* BackgroundImageView.swift */ = {isa = PBXFileReference; fileEncoding = 4; lastKnownFileType = sourcecode.swift; path = BackgroundImageView.swift; sourceTree = "<group>"; };
		51FD4A1E2B35941500B0999A /* Extensions.swift */ = {isa = PBXFileReference; fileEncoding = 4; lastKnownFileType = sourcecode.swift; path = Extensions.swift; sourceTree = "<group>"; };
		51FD4A1F2B35941500B0999A /* RewardsView.swift */ = {isa = PBXFileReference; fileEncoding = 4; lastKnownFileType = sourcecode.swift; path = RewardsView.swift; sourceTree = "<group>"; };
		51FD4A202B35941500B0999A /* CenterView.swift */ = {isa = PBXFileReference; fileEncoding = 4; lastKnownFileType = sourcecode.swift; path = CenterView.swift; sourceTree = "<group>"; };
		51FD4A212B35941500B0999A /* JourneysView.swift */ = {isa = PBXFileReference; fileEncoding = 4; lastKnownFileType = sourcecode.swift; path = JourneysView.swift; sourceTree = "<group>"; };
		51FD4A222B35941500B0999A /* TodayView.swift */ = {isa = PBXFileReference; fileEncoding = 4; lastKnownFileType = sourcecode.swift; path = TodayView.swift; sourceTree = "<group>"; };
		51FD4A2A2B359EAE00B0999A /* CustomSegmentedCircle.swift */ = {isa = PBXFileReference; lastKnownFileType = sourcecode.swift; path = CustomSegmentedCircle.swift; sourceTree = "<group>"; };
/* End PBXFileReference section */

/* Begin PBXFrameworksBuildPhase section */
		51FD4A062B35934500B0999A /* Frameworks */ = {
			isa = PBXFrameworksBuildPhase;
			buildActionMask = 2147483647;
			files = (
			);
			runOnlyForDeploymentPostprocessing = 0;
		};
/* End PBXFrameworksBuildPhase section */

/* Begin PBXGroup section */
		51FD4A002B35934500B0999A = {
			isa = PBXGroup;
			children = (
				51FD4A0B2B35934500B0999A /* CustomTabBar */,
				51FD4A0A2B35934500B0999A /* Products */,
			);
			sourceTree = "<group>";
		};
		51FD4A0A2B35934500B0999A /* Products */ = {
			isa = PBXGroup;
			children = (
				51FD4A092B35934500B0999A /* CustomTabBar.app */,
			);
			name = Products;
			sourceTree = "<group>";
		};
		51FD4A0B2B35934500B0999A /* CustomTabBar */ = {
			isa = PBXGroup;
			children = (
				51FD4A0C2B35934500B0999A /* CustomTabBarApp.swift */,
				51FD4A0E2B35934500B0999A /* CustomTabView.swift */,
				51FD4A1A2B3593D000B0999A /* CircleView.swift */,
				51FD4A2A2B359EAE00B0999A /* CustomSegmentedCircle.swift */,
				51FD4A102B35934500B0999A /* Assets.xcassets */,
				51FD4A1D2B35941500B0999A /* BackgroundImageView.swift */,
				51FD4A1C2B35941500B0999A /* CoPilotView.swift */,
				51FD4A1E2B35941500B0999A /* Extensions.swift */,
				51FD4A212B35941500B0999A /* JourneysView.swift */,
				51FD4A1F2B35941500B0999A /* RewardsView.swift */,
				51FD4A222B35941500B0999A /* TodayView.swift */,
				51FD4A202B35941500B0999A /* CenterView.swift */,
				51FD4A122B35934500B0999A /* Preview Content */,
			);
			path = CustomTabBar;
			sourceTree = "<group>";
		};
		51FD4A122B35934500B0999A /* Preview Content */ = {
			isa = PBXGroup;
			children = (
				51FD4A132B35934500B0999A /* Preview Assets.xcassets */,
			);
			path = "Preview Content";
			sourceTree = "<group>";
		};
/* End PBXGroup section */

/* Begin PBXNativeTarget section */
		51FD4A082B35934500B0999A /* CustomTabBar */ = {
			isa = PBXNativeTarget;
			buildConfigurationList = 51FD4A172B35934500B0999A /* Build configuration list for PBXNativeTarget "CustomTabBar" */;
			buildPhases = (
				51FD4A052B35934500B0999A /* Sources */,
				51FD4A062B35934500B0999A /* Frameworks */,
				51FD4A072B35934500B0999A /* Resources */,
			);
			buildRules = (
			);
			dependencies = (
			);
			name = CustomTabBar;
			productName = CustomTabBar;
			productReference = 51FD4A092B35934500B0999A /* CustomTabBar.app */;
			productType = "com.apple.product-type.application";
		};
/* End PBXNativeTarget section */

/* Begin PBXProject section */
		51FD4A012B35934500B0999A /* Project object */ = {
			isa = PBXProject;
			attributes = {
				BuildIndependentTargetsInParallel = 1;
				LastSwiftUpdateCheck = 1510;
				LastUpgradeCheck = 1510;
				TargetAttributes = {
					51FD4A082B35934500B0999A = {
						CreatedOnToolsVersion = 15.1;
					};
				};
			};
			buildConfigurationList = 51FD4A042B35934500B0999A /* Build configuration list for PBXProject "CustomTabBar" */;
			compatibilityVersion = "Xcode 14.0";
			developmentRegion = en;
			hasScannedForEncodings = 0;
			knownRegions = (
				en,
				Base,
			);
			mainGroup = 51FD4A002B35934500B0999A;
			productRefGroup = 51FD4A0A2B35934500B0999A /* Products */;
			projectDirPath = "";
			projectRoot = "";
			targets = (
				51FD4A082B35934500B0999A /* CustomTabBar */,
			);
		};
/* End PBXProject section */

/* Begin PBXResourcesBuildPhase section */
		51FD4A072B35934500B0999A /* Resources */ = {
			isa = PBXResourcesBuildPhase;
			buildActionMask = 2147483647;
			files = (
				51FD4A142B35934500B0999A /* Preview Assets.xcassets in Resources */,
				51FD4A112B35934500B0999A /* Assets.xcassets in Resources */,
			);
			runOnlyForDeploymentPostprocessing = 0;
		};
/* End PBXResourcesBuildPhase section */

/* Begin PBXSourcesBuildPhase section */
		51FD4A052B35934500B0999A /* Sources */ = {
			isa = PBXSourcesBuildPhase;
			buildActionMask = 2147483647;
			files = (
				51FD4A242B35941500B0999A /* BackgroundImageView.swift in Sources */,
				51FD4A262B35941500B0999A /* RewardsView.swift in Sources */,
				51FD4A282B35941500B0999A /* JourneysView.swift in Sources */,
				51FD4A252B35941500B0999A /* Extensions.swift in Sources */,
				51FD4A1B2B3593D100B0999A /* CircleView.swift in Sources */,
				51FD4A2B2B359EAE00B0999A /* CustomSegmentedCircle.swift in Sources */,
				51FD4A232B35941500B0999A /* CoPilotView.swift in Sources */,
				51FD4A0F2B35934500B0999A /* CustomTabView.swift in Sources */,
				51FD4A0D2B35934500B0999A /* CustomTabBarApp.swift in Sources */,
				51FD4A292B35941500B0999A /* TodayView.swift in Sources */,
				51FD4A272B35941500B0999A /* CenterView.swift in Sources */,
			);
			runOnlyForDeploymentPostprocessing = 0;
		};
/* End PBXSourcesBuildPhase section */

/* Begin XCBuildConfiguration section */
		51FD4A152B35934500B0999A /* Debug */ = {
			isa = XCBuildConfiguration;
			buildSettings = {
				ALWAYS_SEARCH_USER_PATHS = NO;
				ASSETCATALOG_COMPILER_GENERATE_SWIFT_ASSET_SYMBOL_EXTENSIONS = YES;
				CLANG_ANALYZER_NONNULL = YES;
				CLANG_ANALYZER_NUMBER_OBJECT_CONVERSION = YES_AGGRESSIVE;
				CLANG_CXX_LANGUAGE_STANDARD = "gnu++20";
				CLANG_ENABLE_MODULES = YES;
				CLANG_ENABLE_OBJC_ARC = YES;
				CLANG_ENABLE_OBJC_WEAK = YES;
				CLANG_WARN_BLOCK_CAPTURE_AUTORELEASING = YES;
				CLANG_WARN_BOOL_CONVERSION = YES;
				CLANG_WARN_COMMA = YES;
				CLANG_WARN_CONSTANT_CONVERSION = YES;
				CLANG_WARN_DEPRECATED_OBJC_IMPLEMENTATIONS = YES;
				CLANG_WARN_DIRECT_OBJC_ISA_USAGE = YES_ERROR;
				CLANG_WARN_DOCUMENTATION_COMMENTS = YES;
				CLANG_WARN_EMPTY_BODY = YES;
				CLANG_WARN_ENUM_CONVERSION = YES;
				CLANG_WARN_INFINITE_RECURSION = YES;
				CLANG_WARN_INT_CONVERSION = YES;
				CLANG_WARN_NON_LITERAL_NULL_CONVERSION = YES;
				CLANG_WARN_OBJC_IMPLICIT_RETAIN_SELF = YES;
				CLANG_WARN_OBJC_LITERAL_CONVERSION = YES;
				CLANG_WARN_OBJC_ROOT_CLASS = YES_ERROR;
				CLANG_WARN_QUOTED_INCLUDE_IN_FRAMEWORK_HEADER = YES;
				CLANG_WARN_RANGE_LOOP_ANALYSIS = YES;
				CLANG_WARN_STRICT_PROTOTYPES = YES;
				CLANG_WARN_SUSPICIOUS_MOVE = YES;
				CLANG_WARN_UNGUARDED_AVAILABILITY = YES_AGGRESSIVE;
				CLANG_WARN_UNREACHABLE_CODE = YES;
				CLANG_WARN__DUPLICATE_METHOD_MATCH = YES;
				COPY_PHASE_STRIP = NO;
				DEBUG_INFORMATION_FORMAT = dwarf;
				ENABLE_STRICT_OBJC_MSGSEND = YES;
				ENABLE_TESTABILITY = YES;
				ENABLE_USER_SCRIPT_SANDBOXING = YES;
				GCC_C_LANGUAGE_STANDARD = gnu17;
				GCC_DYNAMIC_NO_PIC = NO;
				GCC_NO_COMMON_BLOCKS = YES;
				GCC_OPTIMIZATION_LEVEL = 0;
				GCC_PREPROCESSOR_DEFINITIONS = (
					"DEBUG=1",
					"$(inherited)",
				);
				GCC_WARN_64_TO_32_BIT_CONVERSION = YES;
				GCC_WARN_ABOUT_RETURN_TYPE = YES_ERROR;
				GCC_WARN_UNDECLARED_SELECTOR = YES;
				GCC_WARN_UNINITIALIZED_AUTOS = YES_AGGRESSIVE;
				GCC_WARN_UNUSED_FUNCTION = YES;
				GCC_WARN_UNUSED_VARIABLE = YES;
				IPHONEOS_DEPLOYMENT_TARGET = 17.2;
				LOCALIZATION_PREFERS_STRING_CATALOGS = YES;
				MTL_ENABLE_DEBUG_INFO = INCLUDE_SOURCE;
				MTL_FAST_MATH = YES;
				ONLY_ACTIVE_ARCH = YES;
				SDKROOT = iphoneos;
				SWIFT_ACTIVE_COMPILATION_CONDITIONS = "DEBUG $(inherited)";
				SWIFT_OPTIMIZATION_LEVEL = "-Onone";
			};
			name = Debug;
		};
		51FD4A162B35934500B0999A /* Release */ = {
			isa = XCBuildConfiguration;
			buildSettings = {
				ALWAYS_SEARCH_USER_PATHS = NO;
				ASSETCATALOG_COMPILER_GENERATE_SWIFT_ASSET_SYMBOL_EXTENSIONS = YES;
				CLANG_ANALYZER_NONNULL = YES;
				CLANG_ANALYZER_NUMBER_OBJECT_CONVERSION = YES_AGGRESSIVE;
				CLANG_CXX_LANGUAGE_STANDARD = "gnu++20";
				CLANG_ENABLE_MODULES = YES;
				CLANG_ENABLE_OBJC_ARC = YES;
				CLANG_ENABLE_OBJC_WEAK = YES;
				CLANG_WARN_BLOCK_CAPTURE_AUTORELEASING = YES;
				CLANG_WARN_BOOL_CONVERSION = YES;
				CLANG_WARN_COMMA = YES;
				CLANG_WARN_CONSTANT_CONVERSION = YES;
				CLANG_WARN_DEPRECATED_OBJC_IMPLEMENTATIONS = YES;
				CLANG_WARN_DIRECT_OBJC_ISA_USAGE = YES_ERROR;
				CLANG_WARN_DOCUMENTATION_COMMENTS = YES;
				CLANG_WARN_EMPTY_BODY = YES;
				CLANG_WARN_ENUM_CONVERSION = YES;
				CLANG_WARN_INFINITE_RECURSION = YES;
				CLANG_WARN_INT_CONVERSION = YES;
				CLANG_WARN_NON_LITERAL_NULL_CONVERSION = YES;
				CLANG_WARN_OBJC_IMPLICIT_RETAIN_SELF = YES;
				CLANG_WARN_OBJC_LITERAL_CONVERSION = YES;
				CLANG_WARN_OBJC_ROOT_CLASS = YES_ERROR;
				CLANG_WARN_QUOTED_INCLUDE_IN_FRAMEWORK_HEADER = YES;
				CLANG_WARN_RANGE_LOOP_ANALYSIS = YES;
				CLANG_WARN_STRICT_PROTOTYPES = YES;
				CLANG_WARN_SUSPICIOUS_MOVE = YES;
				CLANG_WARN_UNGUARDED_AVAILABILITY = YES_AGGRESSIVE;
				CLANG_WARN_UNREACHABLE_CODE = YES;
				CLANG_WARN__DUPLICATE_METHOD_MATCH = YES;
				COPY_PHASE_STRIP = NO;
				DEBUG_INFORMATION_FORMAT = "dwarf-with-dsym";
				ENABLE_NS_ASSERTIONS = NO;
				ENABLE_STRICT_OBJC_MSGSEND = YES;
				ENABLE_USER_SCRIPT_SANDBOXING = YES;
				GCC_C_LANGUAGE_STANDARD = gnu17;
				GCC_NO_COMMON_BLOCKS = YES;
				GCC_WARN_64_TO_32_BIT_CONVERSION = YES;
				GCC_WARN_ABOUT_RETURN_TYPE = YES_ERROR;
				GCC_WARN_UNDECLARED_SELECTOR = YES;
				GCC_WARN_UNINITIALIZED_AUTOS = YES_AGGRESSIVE;
				GCC_WARN_UNUSED_FUNCTION = YES;
				GCC_WARN_UNUSED_VARIABLE = YES;
				IPHONEOS_DEPLOYMENT_TARGET = 17.2;
				LOCALIZATION_PREFERS_STRING_CATALOGS = YES;
				MTL_ENABLE_DEBUG_INFO = NO;
				MTL_FAST_MATH = YES;
				SDKROOT = iphoneos;
				SWIFT_COMPILATION_MODE = wholemodule;
				VALIDATE_PRODUCT = YES;
			};
			name = Release;
		};
		51FD4A182B35934500B0999A /* Debug */ = {
			isa = XCBuildConfiguration;
			buildSettings = {
				ASSETCATALOG_COMPILER_APPICON_NAME = AppIcon;
				ASSETCATALOG_COMPILER_GLOBAL_ACCENT_COLOR_NAME = AccentColor;
				CODE_SIGN_STYLE = Automatic;
				CURRENT_PROJECT_VERSION = 1;
				DEVELOPMENT_ASSET_PATHS = "\"CustomTabBar/Preview Content\"";
				ENABLE_PREVIEWS = YES;
				GENERATE_INFOPLIST_FILE = YES;
				INFOPLIST_KEY_UIApplicationSceneManifest_Generation = YES;
				INFOPLIST_KEY_UIApplicationSupportsIndirectInputEvents = YES;
				INFOPLIST_KEY_UILaunchScreen_Generation = YES;
				INFOPLIST_KEY_UISupportedInterfaceOrientations_iPad = "UIInterfaceOrientationPortrait UIInterfaceOrientationPortraitUpsideDown UIInterfaceOrientationLandscapeLeft UIInterfaceOrientationLandscapeRight";
				INFOPLIST_KEY_UISupportedInterfaceOrientations_iPhone = "UIInterfaceOrientationPortrait UIInterfaceOrientationLandscapeLeft UIInterfaceOrientationLandscapeRight";
				LD_RUNPATH_SEARCH_PATHS = (
					"$(inherited)",
					"@executable_path/Frameworks",
				);
				MARKETING_VERSION = 1.0;
				PRODUCT_BUNDLE_IDENTIFIER = com.tabbar.CustomTabBar;
				PRODUCT_NAME = "$(TARGET_NAME)";
				SWIFT_EMIT_LOC_STRINGS = YES;
				SWIFT_VERSION = 5.0;
				TARGETED_DEVICE_FAMILY = "1,2";
			};
			name = Debug;
		};
		51FD4A192B35934500B0999A /* Release */ = {
			isa = XCBuildConfiguration;
			buildSettings = {
				ASSETCATALOG_COMPILER_APPICON_NAME = AppIcon;
				ASSETCATALOG_COMPILER_GLOBAL_ACCENT_COLOR_NAME = AccentColor;
				CODE_SIGN_STYLE = Automatic;
				CURRENT_PROJECT_VERSION = 1;
				DEVELOPMENT_ASSET_PATHS = "\"CustomTabBar/Preview Content\"";
				ENABLE_PREVIEWS = YES;
				GENERATE_INFOPLIST_FILE = YES;
				INFOPLIST_KEY_UIApplicationSceneManifest_Generation = YES;
				INFOPLIST_KEY_UIApplicationSupportsIndirectInputEvents = YES;
				INFOPLIST_KEY_UILaunchScreen_Generation = YES;
				INFOPLIST_KEY_UISupportedInterfaceOrientations_iPad = "UIInterfaceOrientationPortrait UIInterfaceOrientationPortraitUpsideDown UIInterfaceOrientationLandscapeLeft UIInterfaceOrientationLandscapeRight";
				INFOPLIST_KEY_UISupportedInterfaceOrientations_iPhone = "UIInterfaceOrientationPortrait UIInterfaceOrientationLandscapeLeft UIInterfaceOrientationLandscapeRight";
				LD_RUNPATH_SEARCH_PATHS = (
					"$(inherited)",
					"@executable_path/Frameworks",
				);
				MARKETING_VERSION = 1.0;
				PRODUCT_BUNDLE_IDENTIFIER = com.tabbar.CustomTabBar;
				PRODUCT_NAME = "$(TARGET_NAME)";
				SWIFT_EMIT_LOC_STRINGS = YES;
				SWIFT_VERSION = 5.0;
				TARGETED_DEVICE_FAMILY = "1,2";
			};
			name = Release;
		};
/* End XCBuildConfiguration section */

/* Begin XCConfigurationList section */
		51FD4A042B35934500B0999A /* Build configuration list for PBXProject "CustomTabBar" */ = {
			isa = XCConfigurationList;
			buildConfigurations = (
				51FD4A152B35934500B0999A /* Debug */,
				51FD4A162B35934500B0999A /* Release */,
			);
			defaultConfigurationIsVisible = 0;
			defaultConfigurationName = Release;
		};
		51FD4A172B35934500B0999A /* Build configuration list for PBXNativeTarget "CustomTabBar" */ = {
			isa = XCConfigurationList;
			buildConfigurations = (
				51FD4A182B35934500B0999A /* Debug */,
				51FD4A192B35934500B0999A /* Release */,
			);
			defaultConfigurationIsVisible = 0;
			defaultConfigurationName = Release;
		};
/* End XCConfigurationList section */
	};
	rootObject = 51FD4A012B35934500B0999A /* Project object */;
}
